
Microsoft Visual Studio Solution File, Format Version 12.00
# Visual Studio Version 17
VisualStudioVersion = 17.0.31903.59
MinimumVisualStudioVersion = 10.0.40219.1
Project("{FAE04EC0-301F-11D3-BF4B-00C04F79EFBC}") = "PetWorld.Domain", "PetWorld.Domain\PetWorld.Domain.csproj", "{34065AF8-4949-4088-85F4-CCFB33C9CDBC}"
EndProject
Project("{FAE04EC0-301F-11D3-BF4B-00C04F79EFBC}") = "PetWorld.Application", "PetWorld.Application\PetWorld.Application.csproj", "{AA4CE12D-87CB-4970-A7C6-543508CE7555}"
EndProject
Project("{FAE04EC0-301F-11D3-BF4B-00C04F79EFBC}") = "PetWorld.Infrastructure", "PetWorld.Infrastructure\PetWorld.Infrastructure.csproj", "{5B696E1A-CC4A-4D31-B761-6EFF5E533305}"
EndProject
Project("{FAE04EC0-301F-11D3-BF4B-00C04F79EFBC}") = "PetWorld.Web", "PetWorld.Web\PetWorld.Web.csproj", "{A48103A3-3613-4870-AE53-24EF5D22E0B1}"
EndProject
Project("{2150E333-8FDC-42A3-9474-1A3956D46DE8}") = "Elementy rozwiązania", "Elementy rozwiązania", "{8FB176BD-0036-D269-15EA-F86E90622887}"
	ProjectSection(SolutionItems) = preProject
		docker-compose.yml = docker-compose.yml
	EndProjectSection
EndProject
Global
	GlobalSection(SolutionConfigurationPlatforms) = preSolution
		Debug|Any CPU = Debug|Any CPU
		Debug|x64 = Debug|x64
		Debug|x86 = Debug|x86
		Release|Any CPU = Release|Any CPU
		Release|x64 = Release|x64
		Release|x86 = Release|x86
	EndGlobalSection
	GlobalSection(ProjectConfigurationPlatforms) = postSolution
		{34065AF8-4949-4088-85F4-CCFB33C9CDBC}.Debug|Any CPU.ActiveCfg = Debug|Any CPU
		{34065AF8-4949-4088-85F4-CCFB33C9CDBC}.Debug|Any CPU.Build.0 = Debug|Any CPU
		{34065AF8-4949-4088-85F4-CCFB33C9CDBC}.Debug|x64.ActiveCfg = Debug|Any CPU
		{34065AF8-4949-4088-85F4-CCFB33C9CDBC}.Debug|x64.Build.0 = Debug|Any CPU
		{34065AF8-4949-4088-85F4-CCFB33C9CDBC}.Debug|x86.ActiveCfg = Debug|Any CPU
		{34065AF8-4949-4088-85F4-CCFB33C9CDBC}.Debug|x86.Build.0 = Debug|Any CPU
		{34065AF8-4949-4088-85F4-CCFB33C9CDBC}.Release|Any CPU.ActiveCfg = Release|Any CPU
		{34065AF8-4949-4088-85F4-CCFB33C9CDBC}.Release|Any CPU.Build.0 = Release|Any CPU
		{34065AF8-4949-4088-85F4-CCFB33C9CDBC}.Release|x64.ActiveCfg = Release|Any CPU
		{34065AF8-4949-4088-85F4-CCFB33C9CDBC}.Release|x64.Build.0 = Release|Any CPU
		{34065AF8-4949-4088-85F4-CCFB33C9CDBC}.Release|x86.ActiveCfg = Release|Any CPU
		{34065AF8-4949-4088-85F4-CCFB33C9CDBC}.Release|x86.Build.0 = Release|Any CPU
		{AA4CE12D-87CB-4970-A7C6-543508CE7555}.Debug|Any CPU.ActiveCfg = Debug|Any CPU
		{AA4CE12D-87CB-4970-A7C6-543508CE7555}.Debug|Any CPU.Build.0 = Debug|Any CPU
		{AA4CE12D-87CB-4970-A7C6-543508CE7555}.Debug|x64.ActiveCfg = Debug|Any CPU
		{AA4CE12D-87CB-4970-A7C6-543508CE7555}.Debug|x64.Build.0 = Debug|Any CPU
		{AA4CE12D-87CB-4970-A7C6-543508CE7555}.Debug|x86.ActiveCfg = Debug|Any CPU
		{AA4CE12D-87CB-4970-A7C6-543508CE7555}.Debug|x86.Build.0 = Debug|Any CPU
		{AA4CE12D-87CB-4970-A7C6-543508CE7555}.Release|Any CPU.ActiveCfg = Release|Any CPU
		{AA4CE12D-87CB-4970-A7C6-543508CE7555}.Release|Any CPU.Build.0 = Release|Any CPU
		{AA4CE12D-87CB-4970-A7C6-543508CE7555}.Release|x64.ActiveCfg = Release|Any CPU
		{AA4CE12D-87CB-4970-A7C6-543508CE7555}.Release|x64.Build.0 = Release|Any CPU
		{AA4CE12D-87CB-4970-A7C6-543508CE7555}.Release|x86.ActiveCfg = Release|Any CPU
		{AA4CE12D-87CB-4970-A7C6-543508CE7555}.Release|x86.Build.0 = Release|Any CPU
		{5B696E1A-CC4A-4D31-B761-6EFF5E533305}.Debug|Any CPU.ActiveCfg = Debug|Any CPU
		{5B696E1A-CC4A-4D31-B761-6EFF5E533305}.Debug|Any CPU.Build.0 = Debug|Any CPU
		{5B696E1A-CC4A-4D31-B761-6EFF5E533305}.Debug|x64.ActiveCfg = Debug|Any CPU
		{5B696E1A-CC4A-4D31-B761-6EFF5E533305}.Debug|x64.Build.0 = Debug|Any CPU
		{5B696E1A-CC4A-4D31-B761-6EFF5E533305}.Debug|x86.ActiveCfg = Debug|Any CPU
		{5B696E1A-CC4A-4D31-B761-6EFF5E533305}.Debug|x86.Build.0 = Debug|Any CPU
		{5B696E1A-CC4A-4D31-B761-6EFF5E533305}.Release|Any CPU.ActiveCfg = Release|Any CPU
		{5B696E1A-CC4A-4D31-B761-6EFF5E533305}.Release|Any CPU.Build.0 = Release|Any CPU
		{5B696E1A-CC4A-4D31-B761-6EFF5E533305}.Release|x64.ActiveCfg = Release|Any CPU
		{5B696E1A-CC4A-4D31-B761-6EFF5E533305}.Release|x64.Build.0 = Release|Any CPU
		{5B696E1A-CC4A-4D31-B761-6EFF5E533305}.Release|x86.ActiveCfg = Release|Any CPU
		{5B696E1A-CC4A-4D31-B761-6EFF5E533305}.Release|x86.Build.0 = Release|Any CPU
		{A48103A3-3613-4870-AE53-24EF5D22E0B1}.Debug|Any CPU.ActiveCfg = Debug|Any CPU
		{A48103A3-3613-4870-AE53-24EF5D22E0B1}.Debug|Any CPU.Build.0 = Debug|Any CPU
		{A48103A3-3613-4870-AE53-24EF5D22E0B1}.Debug|x64.ActiveCfg = Debug|Any CPU
		{A48103A3-3613-4870-AE53-24EF5D22E0B1}.Debug|x64.Build.0 = Debug|Any CPU
		{A48103A3-3613-4870-AE53-24EF5D22E0B1}.Debug|x86.ActiveCfg = Debug|Any CPU
		{A48103A3-3613-4870-AE53-24EF5D22E0B1}.Debug|x86.Build.0 = Debug|Any CPU
		{A48103A3-3613-4870-AE53-24EF5D22E0B1}.Release|Any CPU.ActiveCfg = Release|Any CPU
		{A48103A3-3613-4870-AE53-24EF5D22E0B1}.Release|Any CPU.Build.0 = Release|Any CPU
		{A48103A3-3613-4870-AE53-24EF5D22E0B1}.Release|x64.ActiveCfg = Release|Any CPU
		{A48103A3-3613-4870-AE53-24EF5D22E0B1}.Release|x64.Build.0 = Release|Any CPU
		{A48103A3-3613-4870-AE53-24EF5D22E0B1}.Release|x86.ActiveCfg = Release|Any CPU
		{A48103A3-3613-4870-AE53-24EF5D22E0B1}.Release|x86.Build.0 = Release|Any CPU
	EndGlobalSection
	GlobalSection(SolutionProperties) = preSolution
		HideSolutionNode = FALSE
	EndGlobalSection
	GlobalSection(ExtensibilityGlobals) = postSolution
		SolutionGuid = {E919AAE9-C6F2-4387-8085-B6193340D2B1}
	EndGlobalSection
EndGlobal
